
Microsoft Visual Studio Solution File, Format Version 12.00
# Visual Studio Version 16
VisualStudioVersion = 16.0.29728.190
MinimumVisualStudioVersion = 10.0.40219.1
Project("{FAE04EC0-301F-11D3-BF4B-00C04F79EFBC}") = "Snake", "Snake\Snake.csproj", "{E5ED0750-A95F-44DC-9C5A-9B96C0C34553}"
EndProject
Global
	GlobalSection(SolutionConfigurationPlatforms) = preSolution
		Debug|Any CPU = Debug|Any CPU
		Release|Any CPU = Release|Any CPU
	EndGlobalSection
	GlobalSection(ProjectConfigurationPlatforms) = postSolution
		{E5ED0750-A95F-44DC-9C5A-9B96C0C34553}.Debug|Any CPU.ActiveCfg = Debug|Any CPU
		{E5ED0750-A95F-44DC-9C5A-9B96C0C34553}.Debug|Any CPU.Build.0 = Debug|Any CPU
		{E5ED0750-A95F-44DC-9C5A-9B96C0C34553}.Release|Any CPU.ActiveCfg = Release|Any CPU
		{E5ED0750-A95F-44DC-9C5A-9B96C0C34553}.Release|Any CPU.Build.0 = Release|Any CPU
	EndGlobalSection
	GlobalSection(SolutionProperties) = preSolution
		HideSolutionNode = FALSE
	EndGlobalSection
	GlobalSection(ExtensibilityGlobals) = postSolution
		SolutionGuid = {E3BD5007-FF9C-45C7-A153-B2C98FFB5B2A}
	EndGlobalSection
EndGlobal
